
Microsoft Visual Studio Solution File, Format Version 12.00
# Visual Studio 2013
VisualStudioVersion = 12.0.21005.1
MinimumVisualStudioVersion = 10.0.40219.1
Project("{8BC9CEB8-8B4A-11D0-8D11-00A0C91BC942}") = "Lesion1", "Lesion1\Lesion1.vcxproj", "{A7C02599-C6D7-4624-95B1-2C63D9EDCA06}"
EndProject
Project("{8BC9CEB8-8B4A-11D0-8D11-00A0C91BC942}") = "Lesion2", "Lesion2\Lesion2.vcxproj", "{D591BEC2-53F3-49D2-8B23-F372767C1EEF}"
EndProject
Project("{8BC9CEB8-8B4A-11D0-8D11-00A0C91BC942}") = "Lesion0", "Lesion0\Lesion0.vcxproj", "{46260D1C-C42D-4AFA-8E90-BE344EFF9BC4}"
EndProject
Project("{8BC9CEB8-8B4A-11D0-8D11-00A0C91BC942}") = "Lesion4", "Lesion4\Lesion4.vcxproj", "{22016328-B502-44D2-A336-6240EE725688}"
EndProject
Global
	GlobalSection(SolutionConfigurationPlatforms) = preSolution
		Debug|Win32 = Debug|Win32
		Release|Win32 = Release|Win32
	EndGlobalSection
	GlobalSection(ProjectConfigurationPlatforms) = postSolution
		{A7C02599-C6D7-4624-95B1-2C63D9EDCA06}.Debug|Win32.ActiveCfg = Debug|Win32
		{A7C02599-C6D7-4624-95B1-2C63D9EDCA06}.Debug|Win32.Build.0 = Debug|Win32
		{A7C02599-C6D7-4624-95B1-2C63D9EDCA06}.Release|Win32.ActiveCfg = Release|Win32
		{A7C02599-C6D7-4624-95B1-2C63D9EDCA06}.Release|Win32.Build.0 = Release|Win32
		{D591BEC2-53F3-49D2-8B23-F372767C1EEF}.Debug|Win32.ActiveCfg = Debug|Win32
		{D591BEC2-53F3-49D2-8B23-F372767C1EEF}.Debug|Win32.Build.0 = Debug|Win32
		{D591BEC2-53F3-49D2-8B23-F372767C1EEF}.Release|Win32.ActiveCfg = Release|Win32
		{D591BEC2-53F3-49D2-8B23-F372767C1EEF}.Release|Win32.Build.0 = Release|Win32
		{46260D1C-C42D-4AFA-8E90-BE344EFF9BC4}.Debug|Win32.ActiveCfg = Debug|Win32
		{46260D1C-C42D-4AFA-8E90-BE344EFF9BC4}.Debug|Win32.Build.0 = Debug|Win32
		{46260D1C-C42D-4AFA-8E90-BE344EFF9BC4}.Release|Win32.ActiveCfg = Release|Win32
		{46260D1C-C42D-4AFA-8E90-BE344EFF9BC4}.Release|Win32.Build.0 = Release|Win32
		{22016328-B502-44D2-A336-6240EE725688}.Debug|Win32.ActiveCfg = Debug|Win32
		{22016328-B502-44D2-A336-6240EE725688}.Debug|Win32.Build.0 = Debug|Win32
		{22016328-B502-44D2-A336-6240EE725688}.Release|Win32.ActiveCfg = Release|Win32
		{22016328-B502-44D2-A336-6240EE725688}.Release|Win32.Build.0 = Release|Win32
	EndGlobalSection
	GlobalSection(SolutionProperties) = preSolution
		HideSolutionNode = FALSE
	EndGlobalSection
EndGlobal
